# This file is automatically @generated by Cargo.
# It is not intended for manual editing.
version = 4

[[package]]
name = "stage01-basics"
version = "0.1.0"

[[package]]
name = "stage02-ownership"
version = "0.1.0"

[[package]]
name = "stage03-todo"
version = "0.1.0"

[[package]]
name = "stage04-text-stats"
version = "0.1.0"

[[package]]
name = "stage05-file-stats"
version = "0.1.0"
dependencies = [
 "stage04-text-stats",
]

[[package]]
name = "stage06-engineering"
version = "0.1.0"

[[package]]
name = "stage07-concurrency"
version = "0.1.0"

[[package]]
name = "stage08-log-analyzer"
version = "0.1.0"
